
Microsoft Visual Studio Solution File, Format Version 12.00
# Visual Studio Version 17
VisualStudioVersion = 17.0.31919.166
MinimumVisualStudioVersion = 10.0.40219.1
Project("{9A19103F-16F7-4668-BE54-9A1E7A4F7556}") = "Cosmos-API", "New-Horizon-Api\Cosmos-API.csproj", "{68333391-FE06-4A4D-85DA-B2CD81A310F2}"
EndProject
Project("{9A19103F-16F7-4668-BE54-9A1E7A4F7556}") = "CosmosDbService", "CosmosDbService\CosmosDbService.csproj", "{F162E267-32BF-45C6-BDC3-D2A7DEA3E861}"
EndProject
Global
	GlobalSection(SolutionConfigurationPlatforms) = preSolution
		Debug|Any CPU = Debug|Any CPU
		Release|Any CPU = Release|Any CPU
	EndGlobalSection
	GlobalSection(ProjectConfigurationPlatforms) = postSolution
		{68333391-FE06-4A4D-85DA-B2CD81A310F2}.Debug|Any CPU.ActiveCfg = Debug|Any CPU
		{68333391-FE06-4A4D-85DA-B2CD81A310F2}.Debug|Any CPU.Build.0 = Debug|Any CPU
		{68333391-FE06-4A4D-85DA-B2CD81A310F2}.Release|Any CPU.ActiveCfg = Release|Any CPU
		{68333391-FE06-4A4D-85DA-B2CD81A310F2}.Release|Any CPU.Build.0 = Release|Any CPU
		{F162E267-32BF-45C6-BDC3-D2A7DEA3E861}.Debug|Any CPU.ActiveCfg = Debug|Any CPU
		{F162E267-32BF-45C6-BDC3-D2A7DEA3E861}.Debug|Any CPU.Build.0 = Debug|Any CPU
		{F162E267-32BF-45C6-BDC3-D2A7DEA3E861}.Release|Any CPU.ActiveCfg = Release|Any CPU
		{F162E267-32BF-45C6-BDC3-D2A7DEA3E861}.Release|Any CPU.Build.0 = Release|Any CPU
	EndGlobalSection
	GlobalSection(SolutionProperties) = preSolution
		HideSolutionNode = FALSE
	EndGlobalSection
	GlobalSection(ExtensibilityGlobals) = postSolution
		SolutionGuid = {D34453D7-1C76-4BCF-8A3F-BAD9663D956B}
	EndGlobalSection
EndGlobal
